PODS:
  - AWSCore (2.6.28)
  - AWSPolly (2.6.28):
    - AWSCore (= 2.6.28)

DEPENDENCIES:
  - AWSPolly (~> 2.6.0)

SPEC REPOS:
  https://github.com/cocoapods/specs.git:
    - AWSCore
    - AWSPolly

SPEC CHECKSUMS:
  AWSCore: f75fcf5b2f4325da49ae1f7cb5484778d3b0acc6
  AWSPolly: 07ee1623aa8fb317a9b324a8ff18eeef10b86a0b

PODFILE CHECKSUM: 0eefba9f32f41aadc5aad2b6792d1f4e0f384aa8

COCOAPODS: 1.5.3
